
Microsoft Visual Studio Solution File, Format Version 12.00
# Visual Studio 15
VisualStudioVersion = 15.0.26730.16
MinimumVisualStudioVersion = 10.0.40219.1
Project("{FAE04EC0-301F-11D3-BF4B-00C04F79EFBC}") = "GetorAdmin", "GetorAdmin\GetorAdmin.csproj", "{96573664-0690-4827-91AB-F13BFB7CB68A}"
EndProject
Global
	GlobalSection(SolutionConfigurationPlatforms) = preSolution
		Debug|Any CPU = Debug|Any CPU
		Release|Any CPU = Release|Any CPU
	EndGlobalSection
	GlobalSection(ProjectConfigurationPlatforms) = postSolution
		{96573664-0690-4827-91AB-F13BFB7CB68A}.Debug|Any CPU.ActiveCfg = Debug|Any CPU
		{96573664-0690-4827-91AB-F13BFB7CB68A}.Debug|Any CPU.Build.0 = Debug|Any CPU
		{96573664-0690-4827-91AB-F13BFB7CB68A}.Release|Any CPU.ActiveCfg = Release|Any CPU
		{96573664-0690-4827-91AB-F13BFB7CB68A}.Release|Any CPU.Build.0 = Release|Any CPU
	EndGlobalSection
	GlobalSection(SolutionProperties) = preSolution
		HideSolutionNode = FALSE
	EndGlobalSection
	GlobalSection(ExtensibilityGlobals) = postSolution
		SolutionGuid = {70461986-892A-4A53-8DFF-377AA6544E1E}
	EndGlobalSection
EndGlobal
